// !$*UTF8*$!
{
	archiveVersion = 1;
	classes = {
	};
	objectVersion = 46;
	objects = {

/* Begin PBXBuildFile section */
		7FBCEF1F1E69A8C400372603 /* AppDelegate.swift in Sources */ = {isa = PBXBuildFile; fileRef = 7FBCEF1E1E69A8C400372603 /* AppDelegate.swift */; };
		7FBCEF241E69A8C400372603 /* Main.storyboard in Resources */ = {isa = PBXBuildFile; fileRef = 7FBCEF221E69A8C400372603 /* Main.storyboard */; };
		7FBCEF261E69A8C400372603 /* Assets.xcassets in Resources */ = {isa = PBXBuildFile; fileRef = 7FBCEF251E69A8C400372603 /* Assets.xcassets */; };
		7FBCEF291E69A8C400372603 /* LaunchScreen.storyboard in Resources */ = {isa = PBXBuildFile; fileRef = 7FBCEF271E69A8C400372603 /* LaunchScreen.storyboard */; };
		7FBCEF321E69AB4700372603 /* users.json in Resources */ = {isa = PBXBuildFile; fileRef = 7FBCEF311E69AB4700372603 /* users.json */; };
		8EF9D68E64527CF240DC608E /* Pods_AndersenTest.framework in Frameworks */ = {isa = PBXBuildFile; fileRef = B3D5E75D6417E246B0361789 /* Pods_AndersenTest.framework */; };
/* End PBXBuildFile section */

/* Begin PBXFileReference section */
		7FBCEF1B1E69A8C400372603 /* AndersenTest.app */ = {isa = PBXFileReference; explicitFileType = wrapper.application; includeInIndex = 0; path = AndersenTest.app; sourceTree = BUILT_PRODUCTS_DIR; };
		7FBCEF1E1E69A8C400372603 /* AppDelegate.swift */ = {isa = PBXFileReference; lastKnownFileType = sourcecode.swift; path = AppDelegate.swift; sourceTree = "<group>"; };
		7FBCEF231E69A8C400372603 /* Base */ = {isa = PBXFileReference; lastKnownFileType = file.storyboard; name = Base; path = Base.lproj/Main.storyboard; sourceTree = "<group>"; };
		7FBCEF251E69A8C400372603 /* Assets.xcassets */ = {isa = PBXFileReference; lastKnownFileType = folder.assetcatalog; path = Assets.xcassets; sourceTree = "<group>"; };
		7FBCEF281E69A8C400372603 /* Base */ = {isa = PBXFileReference; lastKnownFileType = file.storyboard; name = Base; path = Base.lproj/LaunchScreen.storyboard; sourceTree = "<group>"; };
		7FBCEF2A1E69A8C400372603 /* Info.plist */ = {isa = PBXFileReference; lastKnownFileType = text.plist.xml; path = Info.plist; sourceTree = "<group>"; };
		7FBCEF311E69AB4700372603 /* users.json */ = {isa = PBXFileReference; fileEncoding = 4; lastKnownFileType = text.json; path = users.json; sourceTree = "<group>"; };
		94C68F8BDF3B91902DAC51CD /* Pods-AndersenTest.release.xcconfig */ = {isa = PBXFileReference; includeInIndex = 1; lastKnownFileType = text.xcconfig; name = "Pods-AndersenTest.release.xcconfig"; path = "Pods/Target Support Files/Pods-AndersenTest/Pods-AndersenTest.release.xcconfig"; sourceTree = "<group>"; };
		B3D5E75D6417E246B0361789 /* Pods_AndersenTest.framework */ = {isa = PBXFileReference; explicitFileType = wrapper.framework; includeInIndex = 0; path = Pods_AndersenTest.framework; sourceTree = BUILT_PRODUCTS_DIR; };
		EB293CA2DF08D8E3133B63D5 /* Pods-AndersenTest.debug.xcconfig */ = {isa = PBXFileReference; includeInIndex = 1; lastKnownFileType = text.xcconfig; name = "Pods-AndersenTest.debug.xcconfig"; path = "Pods/Target Support Files/Pods-AndersenTest/Pods-AndersenTest.debug.xcconfig"; sourceTree = "<group>"; };
/* End PBXFileReference section */

/* Begin PBXFrameworksBuildPhase section */
		7FBCEF181E69A8C300372603 /* Frameworks */ = {
			isa = PBXFrameworksBuildPhase;
			buildActionMask = 2147483647;
			files = (
				8EF9D68E64527CF240DC608E /* Pods_AndersenTest.framework in Frameworks */,
			);
			runOnlyForDeploymentPostprocessing = 0;
		};
/* End PBXFrameworksBuildPhase section */

/* Begin PBXGroup section */
		626518985D1B5D83CC48550C /* Pods */ = {
			isa = PBXGroup;
			children = (
				EB293CA2DF08D8E3133B63D5 /* Pods-AndersenTest.debug.xcconfig */,
				94C68F8BDF3B91902DAC51CD /* Pods-AndersenTest.release.xcconfig */,
			);
			name = Pods;
			sourceTree = "<group>";
		};
		7FBCEF121E69A8C300372603 = {
			isa = PBXGroup;
			children = (
				7FBCEF1D1E69A8C400372603 /* AndersenTest */,
				7FBCEF1C1E69A8C400372603 /* Products */,
				626518985D1B5D83CC48550C /* Pods */,
				A72264BF99A7AA2D94DCDC89 /* Frameworks */,
			);
			sourceTree = "<group>";
		};
		7FBCEF1C1E69A8C400372603 /* Products */ = {
			isa = PBXGroup;
			children = (
				7FBCEF1B1E69A8C400372603 /* AndersenTest.app */,
			);
			name = Products;
			sourceTree = "<group>";
		};
		7FBCEF1D1E69A8C400372603 /* AndersenTest */ = {
			isa = PBXGroup;
			children = (
				7FBCEF1E1E69A8C400372603 /* AppDelegate.swift */,
				7FBCEF221E69A8C400372603 /* Main.storyboard */,
				7FBCEF251E69A8C400372603 /* Assets.xcassets */,
				7FBCEF271E69A8C400372603 /* LaunchScreen.storyboard */,
				7FBCEF2A1E69A8C400372603 /* Info.plist */,
				7FBCEF301E69AB4700372603 /* Resources */,
			);
			path = AndersenTest;
			sourceTree = "<group>";
		};
		7FBCEF301E69AB4700372603 /* Resources */ = {
			isa = PBXGroup;
			children = (
				7FBCEF311E69AB4700372603 /* users.json */,
			);
			path = Resources;
			sourceTree = "<group>";
		};
		A72264BF99A7AA2D94DCDC89 /* Frameworks */ = {
			isa = PBXGroup;
			children = (
				B3D5E75D6417E246B0361789 /* Pods_AndersenTest.framework */,
			);
			name = Frameworks;
			sourceTree = "<group>";
		};
/* End PBXGroup section */

/* Begin PBXNativeTarget section */
		7FBCEF1A1E69A8C300372603 /* AndersenTest */ = {
			isa = PBXNativeTarget;
			buildConfigurationList = 7FBCEF2D1E69A8C400372603 /* Build configuration list for PBXNativeTarget "AndersenTest" */;
			buildPhases = (
				2FDFC91C242EEE3C37601211 /* [CP] Check Pods Manifest.lock */,
				7FBCEF171E69A8C300372603 /* Sources */,
				7FBCEF181E69A8C300372603 /* Frameworks */,
				7FBCEF191E69A8C300372603 /* Resources */,
				506B1707E6CDA9129BC2F09D /* [CP] Embed Pods Frameworks */,
				8DCF9013A79716CB88CFC0F3 /* [CP] Copy Pods Resources */,
			);
			buildRules = (
			);
			dependencies = (
			);
			name = AndersenTest;
			productName = AndersenTest;
			productReference = 7FBCEF1B1E69A8C400372603 /* AndersenTest.app */;
			productType = "com.apple.product-type.application";
		};
/* End PBXNativeTarget section */

/* Begin PBXProject section */
		7FBCEF131E69A8C300372603 /* Project object */ = {
			isa = PBXProject;
			attributes = {
				LastSwiftUpdateCheck = 0820;
				LastUpgradeCheck = 0820;
				ORGANIZATIONNAME = Protspace;
				TargetAttributes = {
					7FBCEF1A1E69A8C300372603 = {
						CreatedOnToolsVersion = 8.2.1;
						ProvisioningStyle = Automatic;
					};
				};
			};
			buildConfigurationList = 7FBCEF161E69A8C300372603 /* Build configuration list for PBXProject "AndersenTest" */;
			compatibilityVersion = "Xcode 3.2";
			developmentRegion = English;
			hasScannedForEncodings = 0;
			knownRegions = (
				en,
				Base,
			);
			mainGroup = 7FBCEF121E69A8C300372603;
			productRefGroup = 7FBCEF1C1E69A8C400372603 /* Products */;
			projectDirPath = "";
			projectRoot = "";
			targets = (
				7FBCEF1A1E69A8C300372603 /* AndersenTest */,
			);
		};
/* End PBXProject section */

/* Begin PBXResourcesBuildPhase section */
		7FBCEF191E69A8C300372603 /* Resources */ = {
			isa = PBXResourcesBuildPhase;
			buildActionMask = 2147483647;
			files = (
				7FBCEF321E69AB4700372603 /* users.json in Resources */,
				7FBCEF291E69A8C400372603 /* LaunchScreen.storyboard in Resources */,
				7FBCEF261E69A8C400372603 /* Assets.xcassets in Resources */,
				7FBCEF241E69A8C400372603 /* Main.storyboard in Resources */,
			);
			runOnlyForDeploymentPostprocessing = 0;
		};
/* End PBXResourcesBuildPhase section */

/* Begin PBXShellScriptBuildPhase section */
		2FDFC91C242EEE3C37601211 /* [CP] Check Pods Manifest.lock */ = {
			isa = PBXShellScriptBuildPhase;
			buildActionMask = 2147483647;
			files = (
			);
			inputPaths = (
			);
			name = "[CP] Check Pods Manifest.lock";
			outputPaths = (
			);
			runOnlyForDeploymentPostprocessing = 0;
			shellPath = /bin/sh;
			shellScript = "diff \"${PODS_ROOT}/../Podfile.lock\" \"${PODS_ROOT}/Manifest.lock\" > /dev/null\nif [ $? != 0 ] ; then\n    # print error to STDERR\n    echo \"error: The sandbox is not in sync with the Podfile.lock. Run 'pod install' or update your CocoaPods installation.\" >&2\n    exit 1\nfi\n";
			showEnvVarsInLog = 0;
		};
		506B1707E6CDA9129BC2F09D /* [CP] Embed Pods Frameworks */ = {
			isa = PBXShellScriptBuildPhase;
			buildActionMask = 2147483647;
			files = (
			);
			inputPaths = (
			);
			name = "[CP] Embed Pods Frameworks";
			outputPaths = (
			);
			runOnlyForDeploymentPostprocessing = 0;
			shellPath = /bin/sh;
			shellScript = "\"${SRCROOT}/Pods/Target Support Files/Pods-AndersenTest/Pods-AndersenTest-frameworks.sh\"\n";
			showEnvVarsInLog = 0;
		};
		8DCF9013A79716CB88CFC0F3 /* [CP] Copy Pods Resources */ = {
			isa = PBXShellScriptBuildPhase;
			buildActionMask = 2147483647;
			files = (
			);
			inputPaths = (
			);
			name = "[CP] Copy Pods Resources";
			outputPaths = (
			);
			runOnlyForDeploymentPostprocessing = 0;
			shellPath = /bin/sh;
			shellScript = "\"${SRCROOT}/Pods/Target Support Files/Pods-AndersenTest/Pods-AndersenTest-resources.sh\"\n";
			showEnvVarsInLog = 0;
		};
/* End PBXShellScriptBuildPhase section */

/* Begin PBXSourcesBuildPhase section */
		7FBCEF171E69A8C300372603 /* Sources */ = {
			isa = PBXSourcesBuildPhase;
			buildActionMask = 2147483647;
			files = (
				7FBCEF1F1E69A8C400372603 /* AppDelegate.swift in Sources */,
			);
			runOnlyForDeploymentPostprocessing = 0;
		};
/* End PBXSourcesBuildPhase section */

/* Begin PBXVariantGroup section */
		7FBCEF221E69A8C400372603 /* Main.storyboard */ = {
			isa = PBXVariantGroup;
			children = (
				7FBCEF231E69A8C400372603 /* Base */,
			);
			name = Main.storyboard;
			sourceTree = "<group>";
		};
		7FBCEF271E69A8C400372603 /* LaunchScreen.storyboard */ = {
			isa = PBXVariantGroup;
			children = (
				7FBCEF281E69A8C400372603 /* Base */,
			);
			name = LaunchScreen.storyboard;
			sourceTree = "<group>";
		};
/* End PBXVariantGroup section */

/* Begin XCBuildConfiguration section */
		7FBCEF2B1E69A8C400372603 /* Debug */ = {
			isa = XCBuildConfiguration;
			buildSettings = {
				ALWAYS_SEARCH_USER_PATHS = NO;
				CLANG_ANALYZER_NONNULL = YES;
				CLANG_CXX_LANGUAGE_STANDARD = "gnu++0x";
				CLANG_CXX_LIBRARY = "libc++";
				CLANG_ENABLE_MODULES = YES;
				CLANG_ENABLE_OBJC_ARC = YES;
				CLANG_WARN_BOOL_CONVERSION = YES;
				CLANG_WARN_CONSTANT_CONVERSION = YES;
				CLANG_WARN_DIRECT_OBJC_ISA_USAGE = YES_ERROR;
				CLANG_WARN_DOCUMENTATION_COMMENTS = YES;
				CLANG_WARN_EMPTY_BODY = YES;
				CLANG_WARN_ENUM_CONVERSION = YES;
				CLANG_WARN_INFINITE_RECURSION = YES;
				CLANG_WARN_INT_CONVERSION = YES;
				CLANG_WARN_OBJC_ROOT_CLASS = YES_ERROR;
				CLANG_WARN_SUSPICIOUS_MOVE = YES;
				CLANG_WARN_UNREACHABLE_CODE = YES;
				CLANG_WARN__DUPLICATE_METHOD_MATCH = YES;
				"CODE_SIGN_IDENTITY[sdk=iphoneos*]" = "iPhone Developer";
				COPY_PHASE_STRIP = NO;
				DEBUG_INFORMATION_FORMAT = dwarf;
				ENABLE_STRICT_OBJC_MSGSEND = YES;
				ENABLE_TESTABILITY = YES;
				GCC_C_LANGUAGE_STANDARD = gnu99;
				GCC_DYNAMIC_NO_PIC = NO;
				GCC_NO_COMMON_BLOCKS = YES;
				GCC_OPTIMIZATION_LEVEL = 0;
				GCC_PREPROCESSOR_DEFINITIONS = (
					"DEBUG=1",
					"$(inherited)",
				);
				GCC_WARN_64_TO_32_BIT_CONVERSION = YES;
				GCC_WARN_ABOUT_RETURN_TYPE = YES_ERROR;
				GCC_WARN_UNDECLARED_SELECTOR = YES;
				GCC_WARN_UNINITIALIZED_AUTOS = YES_AGGRESSIVE;
				GCC_WARN_UNUSED_FUNCTION = YES;
				GCC_WARN_UNUSED_VARIABLE = YES;
				IPHONEOS_DEPLOYMENT_TARGET = 10.2;
				MTL_ENABLE_DEBUG_INFO = YES;
				ONLY_ACTIVE_ARCH = YES;
				SDKROOT = iphoneos;
				SWIFT_ACTIVE_COMPILATION_CONDITIONS = DEBUG;
				SWIFT_OPTIMIZATION_LEVEL = "-Onone";
			};
			name = Debug;
		};
		7FBCEF2C1E69A8C400372603 /* Release */ = {
			isa = XCBuildConfiguration;
			buildSettings = {
				ALWAYS_SEARCH_USER_PATHS = NO;
				CLANG_ANALYZER_NONNULL = YES;
				CLANG_CXX_LANGUAGE_STANDARD = "gnu++0x";
				CLANG_CXX_LIBRARY = "libc++";
				CLANG_ENABLE_MODULES = YES;
				CLANG_ENABLE_OBJC_ARC = YES;
				CLANG_WARN_BOOL_CONVERSION = YES;
				CLANG_WARN_CONSTANT_CONVERSION = YES;
				CLANG_WARN_DIRECT_OBJC_ISA_USAGE = YES_ERROR;
				CLANG_WARN_DOCUMENTATION_COMMENTS = YES;
				CLANG_WARN_EMPTY_BODY = YES;
				CLANG_WARN_ENUM_CONVERSION = YES;
				CLANG_WARN_INFINITE_RECURSION = YES;
				CLANG_WARN_INT_CONVERSION = YES;
				CLANG_WARN_OBJC_ROOT_CLASS = YES_ERROR;
				CLANG_WARN_SUSPICIOUS_MOVE = YES;
				CLANG_WARN_UNREACHABLE_CODE = YES;
				CLANG_WARN__DUPLICATE_METHOD_MATCH = YES;
				"CODE_SIGN_IDENTITY[sdk=iphoneos*]" = "iPhone Developer";
				COPY_PHASE_STRIP = NO;
				DEBUG_INFORMATION_FORMAT = "dwarf-with-dsym";
				ENABLE_NS_ASSERTIONS = NO;
				ENABLE_STRICT_OBJC_MSGSEND = YES;
				GCC_C_LANGUAGE_STANDARD = gnu99;
				GCC_NO_COMMON_BLOCKS = YES;
				GCC_WARN_64_TO_32_BIT_CONVERSION = YES;
				GCC_WARN_ABOUT_RETURN_TYPE = YES_ERROR;
				GCC_WARN_UNDECLARED_SELECTOR = YES;
				GCC_WARN_UNINITIALIZED_AUTOS = YES_AGGRESSIVE;
				GCC_WARN_UNUSED_FUNCTION = YES;
				GCC_WARN_UNUSED_VARIABLE = YES;
				IPHONEOS_DEPLOYMENT_TARGET = 10.2;
				MTL_ENABLE_DEBUG_INFO = NO;
				SDKROOT = iphoneos;
				SWIFT_OPTIMIZATION_LEVEL = "-Owholemodule";
				VALIDATE_PRODUCT = YES;
			};
			name = Release;
		};
		7FBCEF2E1E69A8C400372603 /* Debug */ = {
			isa = XCBuildConfiguration;
			baseConfigurationReference = EB293CA2DF08D8E3133B63D5 /* Pods-AndersenTest.debug.xcconfig */;
			buildSettings = {
				ASSETCATALOG_COMPILER_APPICON_NAME = AppIcon;
				INFOPLIST_FILE = AndersenTest/Info.plist;
				IPHONEOS_DEPLOYMENT_TARGET = 9.0;
				LD_RUNPATH_SEARCH_PATHS = "$(inherited) @executable_path/Frameworks";
				PRODUCT_BUNDLE_IDENTIFIER = com.protspace.AndersenTest;
				PRODUCT_NAME = "$(TARGET_NAME)";
				SWIFT_VERSION = 3.0;
			};
			name = Debug;
		};
		7FBCEF2F1E69A8C400372603 /* Release */ = {
			isa = XCBuildConfiguration;
			baseConfigurationReference = 94C68F8BDF3B91902DAC51CD /* Pods-AndersenTest.release.xcconfig */;
			buildSettings = {
				ASSETCATALOG_COMPILER_APPICON_NAME = AppIcon;
				INFOPLIST_FILE = AndersenTest/Info.plist;
				IPHONEOS_DEPLOYMENT_TARGET = 9.0;
				LD_RUNPATH_SEARCH_PATHS = "$(inherited) @executable_path/Frameworks";
				PRODUCT_BUNDLE_IDENTIFIER = com.protspace.AndersenTest;
				PRODUCT_NAME = "$(TARGET_NAME)";
				SWIFT_VERSION = 3.0;
			};
			name = Release;
		};
/* End XCBuildConfiguration section */

/* Begin XCConfigurationList section */
		7FBCEF161E69A8C300372603 /* Build configuration list for PBXProject "AndersenTest" */ = {
			isa = XCConfigurationList;
			buildConfigurations = (
				7FBCEF2B1E69A8C400372603 /* Debug */,
				7FBCEF2C1E69A8C400372603 /* Release */,
			);
			defaultConfigurationIsVisible = 0;
			defaultConfigurationName = Release;
		};
		7FBCEF2D1E69A8C400372603 /* Build configuration list for PBXNativeTarget "AndersenTest" */ = {
			isa = XCConfigurationList;
			buildConfigurations = (
				7FBCEF2E1E69A8C400372603 /* Debug */,
				7FBCEF2F1E69A8C400372603 /* Release */,
			);
			defaultConfigurationIsVisible = 0;
			defaultConfigurationName = Release;
		};
/* End XCConfigurationList section */
	};
	rootObject = 7FBCEF131E69A8C300372603 /* Project object */;
}
